// !$*UTF8*$!
{
	archiveVersion = 1;
	classes = {
	};
	objectVersion = 50;
	objects = {

/* Begin PBXBuildFile section */
		54586B63235CFBA3004145A5 /* AppDelegate.swift in Sources */ = {isa = PBXBuildFile; fileRef = 54586B62235CFBA3004145A5 /* AppDelegate.swift */; };
		54586B65235CFBA3004145A5 /* SceneDelegate.swift in Sources */ = {isa = PBXBuildFile; fileRef = 54586B64235CFBA3004145A5 /* SceneDelegate.swift */; };
		54586B67235CFBA3004145A5 /* ContentView.swift in Sources */ = {isa = PBXBuildFile; fileRef = 54586B66235CFBA3004145A5 /* ContentView.swift */; };
		54586B69235CFBA4004145A5 /* Assets.xcassets in Resources */ = {isa = PBXBuildFile; fileRef = 54586B68235CFBA4004145A5 /* Assets.xcassets */; };
		54586B6C235CFBA4004145A5 /* Preview Assets.xcassets in Resources */ = {isa = PBXBuildFile; fileRef = 54586B6B235CFBA4004145A5 /* Preview Assets.xcassets */; };
		54586B6F235CFBA4004145A5 /* LaunchScreen.storyboard in Resources */ = {isa = PBXBuildFile; fileRef = 54586B6D235CFBA4004145A5 /* LaunchScreen.storyboard */; };
		54586B7A235CFBA4004145A5 /* SeriesDBTests.swift in Sources */ = {isa = PBXBuildFile; fileRef = 54586B79235CFBA4004145A5 /* SeriesDBTests.swift */; };
/* End PBXBuildFile section */

/* Begin PBXContainerItemProxy section */
		54586B76235CFBA4004145A5 /* PBXContainerItemProxy */ = {
			isa = PBXContainerItemProxy;
			containerPortal = 54586B57235CFBA2004145A5 /* Project object */;
			proxyType = 1;
			remoteGlobalIDString = 54586B5E235CFBA3004145A5;
			remoteInfo = SeriesDB;
		};
/* End PBXContainerItemProxy section */

/* Begin PBXFileReference section */
		54586B5F235CFBA3004145A5 /* SeriesDB.app */ = {isa = PBXFileReference; explicitFileType = wrapper.application; includeInIndex = 0; path = SeriesDB.app; sourceTree = BUILT_PRODUCTS_DIR; };
		54586B62235CFBA3004145A5 /* AppDelegate.swift */ = {isa = PBXFileReference; lastKnownFileType = sourcecode.swift; path = AppDelegate.swift; sourceTree = "<group>"; };
		54586B64235CFBA3004145A5 /* SceneDelegate.swift */ = {isa = PBXFileReference; lastKnownFileType = sourcecode.swift; path = SceneDelegate.swift; sourceTree = "<group>"; };
		54586B66235CFBA3004145A5 /* ContentView.swift */ = {isa = PBXFileReference; lastKnownFileType = sourcecode.swift; path = ContentView.swift; sourceTree = "<group>"; };
		54586B68235CFBA4004145A5 /* Assets.xcassets */ = {isa = PBXFileReference; lastKnownFileType = folder.assetcatalog; path = Assets.xcassets; sourceTree = "<group>"; };
		54586B6B235CFBA4004145A5 /* Preview Assets.xcassets */ = {isa = PBXFileReference; lastKnownFileType = folder.assetcatalog; path = "Preview Assets.xcassets"; sourceTree = "<group>"; };
		54586B6E235CFBA4004145A5 /* Base */ = {isa = PBXFileReference; lastKnownFileType = file.storyboard; name = Base; path = Base.lproj/LaunchScreen.storyboard; sourceTree = "<group>"; };
		54586B70235CFBA4004145A5 /* Info.plist */ = {isa = PBXFileReference; lastKnownFileType = text.plist.xml; path = Info.plist; sourceTree = "<group>"; };
		54586B75235CFBA4004145A5 /* SeriesDBTests.xctest */ = {isa = PBXFileReference; explicitFileType = wrapper.cfbundle; includeInIndex = 0; path = SeriesDBTests.xctest; sourceTree = BUILT_PRODUCTS_DIR; };
		54586B79235CFBA4004145A5 /* SeriesDBTests.swift */ = {isa = PBXFileReference; lastKnownFileType = sourcecode.swift; path = SeriesDBTests.swift; sourceTree = "<group>"; };
		54586B7B235CFBA4004145A5 /* Info.plist */ = {isa = PBXFileReference; lastKnownFileType = text.plist.xml; path = Info.plist; sourceTree = "<group>"; };
/* End PBXFileReference section */

/* Begin PBXFrameworksBuildPhase section */
		54586B5C235CFBA3004145A5 /* Frameworks */ = {
			isa = PBXFrameworksBuildPhase;
			buildActionMask = 2147483647;
			files = (
			);
			runOnlyForDeploymentPostprocessing = 0;
		};
		54586B72235CFBA4004145A5 /* Frameworks */ = {
			isa = PBXFrameworksBuildPhase;
			buildActionMask = 2147483647;
			files = (
			);
			runOnlyForDeploymentPostprocessing = 0;
		};
/* End PBXFrameworksBuildPhase section */

/* Begin PBXGroup section */
		54586B56235CFBA2004145A5 = {
			isa = PBXGroup;
			children = (
				54586B61235CFBA3004145A5 /* SeriesDB */,
				54586B78235CFBA4004145A5 /* SeriesDBTests */,
				54586B60235CFBA3004145A5 /* Products */,
			);
			sourceTree = "<group>";
		};
		54586B60235CFBA3004145A5 /* Products */ = {
			isa = PBXGroup;
			children = (
				54586B5F235CFBA3004145A5 /* SeriesDB.app */,
				54586B75235CFBA4004145A5 /* SeriesDBTests.xctest */,
			);
			name = Products;
			sourceTree = "<group>";
		};
		54586B61235CFBA3004145A5 /* SeriesDB */ = {
			isa = PBXGroup;
			children = (
				54586B62235CFBA3004145A5 /* AppDelegate.swift */,
				54586B64235CFBA3004145A5 /* SceneDelegate.swift */,
				54586B66235CFBA3004145A5 /* ContentView.swift */,
				54586B68235CFBA4004145A5 /* Assets.xcassets */,
				54586B6D235CFBA4004145A5 /* LaunchScreen.storyboard */,
				54586B70235CFBA4004145A5 /* Info.plist */,
				54586B6A235CFBA4004145A5 /* Preview Content */,
			);
			path = SeriesDB;
			sourceTree = "<group>";
		};
		54586B6A235CFBA4004145A5 /* Preview Content */ = {
			isa = PBXGroup;
			children = (
				54586B6B235CFBA4004145A5 /* Preview Assets.xcassets */,
			);
			path = "Preview Content";
			sourceTree = "<group>";
		};
		54586B78235CFBA4004145A5 /* SeriesDBTests */ = {
			isa = PBXGroup;
			children = (
				54586B79235CFBA4004145A5 /* SeriesDBTests.swift */,
				54586B7B235CFBA4004145A5 /* Info.plist */,
			);
			path = SeriesDBTests;
			sourceTree = "<group>";
		};
/* End PBXGroup section */

/* Begin PBXNativeTarget section */
		54586B5E235CFBA3004145A5 /* SeriesDB */ = {
			isa = PBXNativeTarget;
			buildConfigurationList = 54586B7E235CFBA4004145A5 /* Build configuration list for PBXNativeTarget "SeriesDB" */;
			buildPhases = (
				54586B5B235CFBA3004145A5 /* Sources */,
				54586B5C235CFBA3004145A5 /* Frameworks */,
				54586B5D235CFBA3004145A5 /* Resources */,
			);
			buildRules = (
			);
			dependencies = (
			);
			name = SeriesDB;
			productName = SeriesDB;
			productReference = 54586B5F235CFBA3004145A5 /* SeriesDB.app */;
			productType = "com.apple.product-type.application";
		};
		54586B74235CFBA4004145A5 /* SeriesDBTests */ = {
			isa = PBXNativeTarget;
			buildConfigurationList = 54586B81235CFBA4004145A5 /* Build configuration list for PBXNativeTarget "SeriesDBTests" */;
			buildPhases = (
				54586B71235CFBA4004145A5 /* Sources */,
				54586B72235CFBA4004145A5 /* Frameworks */,
				54586B73235CFBA4004145A5 /* Resources */,
			);
			buildRules = (
			);
			dependencies = (
				54586B77235CFBA4004145A5 /* PBXTargetDependency */,
			);
			name = SeriesDBTests;
			productName = SeriesDBTests;
			productReference = 54586B75235CFBA4004145A5 /* SeriesDBTests.xctest */;
			productType = "com.apple.product-type.bundle.unit-test";
		};
/* End PBXNativeTarget section */

/* Begin PBXProject section */
		54586B57235CFBA2004145A5 /* Project object */ = {
			isa = PBXProject;
			attributes = {
				LastSwiftUpdateCheck = 1100;
				LastUpgradeCheck = 1100;
				ORGANIZATIONNAME = "Maria Eugênia Pereira Teixeira";
				TargetAttributes = {
					54586B5E235CFBA3004145A5 = {
						CreatedOnToolsVersion = 11.0;
					};
					54586B74235CFBA4004145A5 = {
						CreatedOnToolsVersion = 11.0;
						TestTargetID = 54586B5E235CFBA3004145A5;
					};
				};
			};
			buildConfigurationList = 54586B5A235CFBA2004145A5 /* Build configuration list for PBXProject "SeriesDB" */;
			compatibilityVersion = "Xcode 9.3";
			developmentRegion = en;
			hasScannedForEncodings = 0;
			knownRegions = (
				en,
				Base,
			);
			mainGroup = 54586B56235CFBA2004145A5;
			productRefGroup = 54586B60235CFBA3004145A5 /* Products */;
			projectDirPath = "";
			projectRoot = "";
			targets = (
				54586B5E235CFBA3004145A5 /* SeriesDB */,
				54586B74235CFBA4004145A5 /* SeriesDBTests */,
			);
		};
/* End PBXProject section */

/* Begin PBXResourcesBuildPhase section */
		54586B5D235CFBA3004145A5 /* Resources */ = {
			isa = PBXResourcesBuildPhase;
			buildActionMask = 2147483647;
			files = (
				54586B6F235CFBA4004145A5 /* LaunchScreen.storyboard in Resources */,
				54586B6C235CFBA4004145A5 /* Preview Assets.xcassets in Resources */,
				54586B69235CFBA4004145A5 /* Assets.xcassets in Resources */,
			);
			runOnlyForDeploymentPostprocessing = 0;
		};
		54586B73235CFBA4004145A5 /* Resources */ = {
			isa = PBXResourcesBuildPhase;
			buildActionMask = 2147483647;
			files = (
			);
			runOnlyForDeploymentPostprocessing = 0;
		};
/* End PBXResourcesBuildPhase section */

/* Begin PBXSourcesBuildPhase section */
		54586B5B235CFBA3004145A5 /* Sources */ = {
			isa = PBXSourcesBuildPhase;
			buildActionMask = 2147483647;
			files = (
				54586B63235CFBA3004145A5 /* AppDelegate.swift in Sources */,
				54586B65235CFBA3004145A5 /* SceneDelegate.swift in Sources */,
				54586B67235CFBA3004145A5 /* ContentView.swift in Sources */,
			);
			runOnlyForDeploymentPostprocessing = 0;
		};
		54586B71235CFBA4004145A5 /* Sources */ = {
			isa = PBXSourcesBuildPhase;
			buildActionMask = 2147483647;
			files = (
				54586B7A235CFBA4004145A5 /* SeriesDBTests.swift in Sources */,
			);
			runOnlyForDeploymentPostprocessing = 0;
		};
/* End PBXSourcesBuildPhase section */

/* Begin PBXTargetDependency section */
		54586B77235CFBA4004145A5 /* PBXTargetDependency */ = {
			isa = PBXTargetDependency;
			target = 54586B5E235CFBA3004145A5 /* SeriesDB */;
			targetProxy = 54586B76235CFBA4004145A5 /* PBXContainerItemProxy */;
		};
/* End PBXTargetDependency section */

/* Begin PBXVariantGroup section */
		54586B6D235CFBA4004145A5 /* LaunchScreen.storyboard */ = {
			isa = PBXVariantGroup;
			children = (
				54586B6E235CFBA4004145A5 /* Base */,
			);
			name = LaunchScreen.storyboard;
			sourceTree = "<group>";
		};
/* End PBXVariantGroup section */

/* Begin XCBuildConfiguration section */
		54586B7C235CFBA4004145A5 /* Debug */ = {
			isa = XCBuildConfiguration;
			buildSettings = {
				ALWAYS_SEARCH_USER_PATHS = NO;
				CLANG_ANALYZER_NONNULL = YES;
				CLANG_ANALYZER_NUMBER_OBJECT_CONVERSION = YES_AGGRESSIVE;
				CLANG_CXX_LANGUAGE_STANDARD = "gnu++14";
				CLANG_CXX_LIBRARY = "libc++";
				CLANG_ENABLE_MODULES = YES;
				CLANG_ENABLE_OBJC_ARC = YES;
				CLANG_ENABLE_OBJC_WEAK = YES;
				CLANG_WARN_BLOCK_CAPTURE_AUTORELEASING = YES;
				CLANG_WARN_BOOL_CONVERSION = YES;
				CLANG_WARN_COMMA = YES;
				CLANG_WARN_CONSTANT_CONVERSION = YES;
				CLANG_WARN_DEPRECATED_OBJC_IMPLEMENTATIONS = YES;
				CLANG_WARN_DIRECT_OBJC_ISA_USAGE = YES_ERROR;
				CLANG_WARN_DOCUMENTATION_COMMENTS = YES;
				CLANG_WARN_EMPTY_BODY = YES;
				CLANG_WARN_ENUM_CONVERSION = YES;
				CLANG_WARN_INFINITE_RECURSION = YES;
				CLANG_WARN_INT_CONVERSION = YES;
				CLANG_WARN_NON_LITERAL_NULL_CONVERSION = YES;
				CLANG_WARN_OBJC_IMPLICIT_RETAIN_SELF = YES;
				CLANG_WARN_OBJC_LITERAL_CONVERSION = YES;
				CLANG_WARN_OBJC_ROOT_CLASS = YES_ERROR;
				CLANG_WARN_RANGE_LOOP_ANALYSIS = YES;
				CLANG_WARN_STRICT_PROTOTYPES = YES;
				CLANG_WARN_SUSPICIOUS_MOVE = YES;
				CLANG_WARN_UNGUARDED_AVAILABILITY = YES_AGGRESSIVE;
				CLANG_WARN_UNREACHABLE_CODE = YES;
				CLANG_WARN__DUPLICATE_METHOD_MATCH = YES;
				COPY_PHASE_STRIP = NO;
				DEBUG_INFORMATION_FORMAT = dwarf;
				ENABLE_STRICT_OBJC_MSGSEND = YES;
				ENABLE_TESTABILITY = YES;
				GCC_C_LANGUAGE_STANDARD = gnu11;
				GCC_DYNAMIC_NO_PIC = NO;
				GCC_NO_COMMON_BLOCKS = YES;
				GCC_OPTIMIZATION_LEVEL = 0;
				GCC_PREPROCESSOR_DEFINITIONS = (
					"DEBUG=1",
					"$(inherited)",
				);
				GCC_WARN_64_TO_32_BIT_CONVERSION = YES;
				GCC_WARN_ABOUT_RETURN_TYPE = YES_ERROR;
				GCC_WARN_UNDECLARED_SELECTOR = YES;
				GCC_WARN_UNINITIALIZED_AUTOS = YES_AGGRESSIVE;
				GCC_WARN_UNUSED_FUNCTION = YES;
				GCC_WARN_UNUSED_VARIABLE = YES;
				IPHONEOS_DEPLOYMENT_TARGET = 13.0;
				MTL_ENABLE_DEBUG_INFO = INCLUDE_SOURCE;
				MTL_FAST_MATH = YES;
				ONLY_ACTIVE_ARCH = YES;
				SDKROOT = iphoneos;
				SWIFT_ACTIVE_COMPILATION_CONDITIONS = DEBUG;
				SWIFT_OPTIMIZATION_LEVEL = "-Onone";
			};
			name = Debug;
		};
		54586B7D235CFBA4004145A5 /* Release */ = {
			isa = XCBuildConfiguration;
			buildSettings = {
				ALWAYS_SEARCH_USER_PATHS = NO;
				CLANG_ANALYZER_NONNULL = YES;
				CLANG_ANALYZER_NUMBER_OBJECT_CONVERSION = YES_AGGRESSIVE;
				CLANG_CXX_LANGUAGE_STANDARD = "gnu++14";
				CLANG_CXX_LIBRARY = "libc++";
				CLANG_ENABLE_MODULES = YES;
				CLANG_ENABLE_OBJC_ARC = YES;
				CLANG_ENABLE_OBJC_WEAK = YES;
				CLANG_WARN_BLOCK_CAPTURE_AUTORELEASING = YES;
				CLANG_WARN_BOOL_CONVERSION = YES;
				CLANG_WARN_COMMA = YES;
				CLANG_WARN_CONSTANT_CONVERSION = YES;
				CLANG_WARN_DEPRECATED_OBJC_IMPLEMENTATIONS = YES;
				CLANG_WARN_DIRECT_OBJC_ISA_USAGE = YES_ERROR;
				CLANG_WARN_DOCUMENTATION_COMMENTS = YES;
				CLANG_WARN_EMPTY_BODY = YES;
				CLANG_WARN_ENUM_CONVERSION = YES;
				CLANG_WARN_INFINITE_RECURSION = YES;
				CLANG_WARN_INT_CONVERSION = YES;
				CLANG_WARN_NON_LITERAL_NULL_CONVERSION = YES;
				CLANG_WARN_OBJC_IMPLICIT_RETAIN_SELF = YES;
				CLANG_WARN_OBJC_LITERAL_CONVERSION = YES;
				CLANG_WARN_OBJC_ROOT_CLASS = YES_ERROR;
				CLANG_WARN_RANGE_LOOP_ANALYSIS = YES;
				CLANG_WARN_STRICT_PROTOTYPES = YES;
				CLANG_WARN_SUSPICIOUS_MOVE = YES;
				CLANG_WARN_UNGUARDED_AVAILABILITY = YES_AGGRESSIVE;
				CLANG_WARN_UNREACHABLE_CODE = YES;
				CLANG_WARN__DUPLICATE_METHOD_MATCH = YES;
				COPY_PHASE_STRIP = NO;
				DEBUG_INFORMATION_FORMAT = "dwarf-with-dsym";
				ENABLE_NS_ASSERTIONS = NO;
				ENABLE_STRICT_OBJC_MSGSEND = YES;
				GCC_C_LANGUAGE_STANDARD = gnu11;
				GCC_NO_COMMON_BLOCKS = YES;
				GCC_WARN_64_TO_32_BIT_CONVERSION = YES;
				GCC_WARN_ABOUT_RETURN_TYPE = YES_ERROR;
				GCC_WARN_UNDECLARED_SELECTOR = YES;
				GCC_WARN_UNINITIALIZED_AUTOS = YES_AGGRESSIVE;
				GCC_WARN_UNUSED_FUNCTION = YES;
				GCC_WARN_UNUSED_VARIABLE = YES;
				IPHONEOS_DEPLOYMENT_TARGET = 13.0;
				MTL_ENABLE_DEBUG_INFO = NO;
				MTL_FAST_MATH = YES;
				SDKROOT = iphoneos;
				SWIFT_COMPILATION_MODE = wholemodule;
				SWIFT_OPTIMIZATION_LEVEL = "-O";
				VALIDATE_PRODUCT = YES;
			};
			name = Release;
		};
		54586B7F235CFBA4004145A5 /* Debug */ = {
			isa = XCBuildConfiguration;
			buildSettings = {
				ASSETCATALOG_COMPILER_APPICON_NAME = AppIcon;
				CODE_SIGN_STYLE = Automatic;
				DEVELOPMENT_ASSET_PATHS = "\"SeriesDB/Preview Content\"";
				DEVELOPMENT_TEAM = L2479GFA4C;
				ENABLE_PREVIEWS = YES;
				INFOPLIST_FILE = SeriesDB/Info.plist;
				LD_RUNPATH_SEARCH_PATHS = (
					"$(inherited)",
					"@executable_path/Frameworks",
				);
				PRODUCT_BUNDLE_IDENTIFIER = br.com.meteixeira.SeriesDB;
				PRODUCT_NAME = "$(TARGET_NAME)";
				SWIFT_VERSION = 5.0;
				TARGETED_DEVICE_FAMILY = "1,2";
			};
			name = Debug;
		};
		54586B80235CFBA4004145A5 /* Release */ = {
			isa = XCBuildConfiguration;
			buildSettings = {
				ASSETCATALOG_COMPILER_APPICON_NAME = AppIcon;
				CODE_SIGN_STYLE = Automatic;
				DEVELOPMENT_ASSET_PATHS = "\"SeriesDB/Preview Content\"";
				DEVELOPMENT_TEAM = L2479GFA4C;
				ENABLE_PREVIEWS = YES;
				INFOPLIST_FILE = SeriesDB/Info.plist;
				LD_RUNPATH_SEARCH_PATHS = (
					"$(inherited)",
					"@executable_path/Frameworks",
				);
				PRODUCT_BUNDLE_IDENTIFIER = br.com.meteixeira.SeriesDB;
				PRODUCT_NAME = "$(TARGET_NAME)";
				SWIFT_VERSION = 5.0;
				TARGETED_DEVICE_FAMILY = "1,2";
			};
			name = Release;
		};
		54586B82235CFBA4004145A5 /* Debug */ = {
			isa = XCBuildConfiguration;
			buildSettings = {
				ALWAYS_EMBED_SWIFT_STANDARD_LIBRARIES = YES;
				BUNDLE_LOADER = "$(TEST_HOST)";
				CODE_SIGN_STYLE = Automatic;
				DEVELOPMENT_TEAM = L2479GFA4C;
				INFOPLIST_FILE = SeriesDBTests/Info.plist;
				IPHONEOS_DEPLOYMENT_TARGET = 13.0;
				LD_RUNPATH_SEARCH_PATHS = (
					"$(inherited)",
					"@executable_path/Frameworks",
					"@loader_path/Frameworks",
				);
				PRODUCT_BUNDLE_IDENTIFIER = br.com.meteixeira.SeriesDBTests;
				PRODUCT_NAME = "$(TARGET_NAME)";
				SWIFT_VERSION = 5.0;
				TARGETED_DEVICE_FAMILY = "1,2";
				TEST_HOST = "$(BUILT_PRODUCTS_DIR)/SeriesDB.app/SeriesDB";
			};
			name = Debug;
		};
		54586B83235CFBA4004145A5 /* Release */ = {
			isa = XCBuildConfiguration;
			buildSettings = {
				ALWAYS_EMBED_SWIFT_STANDARD_LIBRARIES = YES;
				BUNDLE_LOADER = "$(TEST_HOST)";
				CODE_SIGN_STYLE = Automatic;
				DEVELOPMENT_TEAM = L2479GFA4C;
				INFOPLIST_FILE = SeriesDBTests/Info.plist;
				IPHONEOS_DEPLOYMENT_TARGET = 13.0;
				LD_RUNPATH_SEARCH_PATHS = (
					"$(inherited)",
					"@executable_path/Frameworks",
					"@loader_path/Frameworks",
				);
				PRODUCT_BUNDLE_IDENTIFIER = br.com.meteixeira.SeriesDBTests;
				PRODUCT_NAME = "$(TARGET_NAME)";
				SWIFT_VERSION = 5.0;
				TARGETED_DEVICE_FAMILY = "1,2";
				TEST_HOST = "$(BUILT_PRODUCTS_DIR)/SeriesDB.app/SeriesDB";
			};
			name = Release;
		};
/* End XCBuildConfiguration section */

/* Begin XCConfigurationList section */
		54586B5A235CFBA2004145A5 /* Build configuration list for PBXProject "SeriesDB" */ = {
			isa = XCConfigurationList;
			buildConfigurations = (
				54586B7C235CFBA4004145A5 /* Debug */,
				54586B7D235CFBA4004145A5 /* Release */,
			);
			defaultConfigurationIsVisible = 0;
			defaultConfigurationName = Release;
		};
		54586B7E235CFBA4004145A5 /* Build configuration list for PBXNativeTarget "SeriesDB" */ = {
			isa = XCConfigurationList;
			buildConfigurations = (
				54586B7F235CFBA4004145A5 /* Debug */,
				54586B80235CFBA4004145A5 /* Release */,
			);
			defaultConfigurationIsVisible = 0;
			defaultConfigurationName = Release;
		};
		54586B81235CFBA4004145A5 /* Build configuration list for PBXNativeTarget "SeriesDBTests" */ = {
			isa = XCConfigurationList;
			buildConfigurations = (
				54586B82235CFBA4004145A5 /* Debug */,
				54586B83235CFBA4004145A5 /* Release */,
			);
			defaultConfigurationIsVisible = 0;
			defaultConfigurationName = Release;
		};
/* End XCConfigurationList section */
	};
	rootObject = 54586B57235CFBA2004145A5 /* Project object */;
}
